
Microsoft Visual Studio Solution File, Format Version 12.00
# Visual Studio Version 17
VisualStudioVersion = 17.6.33815.320
MinimumVisualStudioVersion = 10.0.40219.1
Project("{8BC9CEB8-8B4A-11D0-8D11-00A0C91BC942}") = "assignment", "assignment\assignment.vcxproj", "{ABE7488C-1E75-4F4C-9400-16625842BC66}"
EndProject
Global
	GlobalSection(SolutionConfigurationPlatforms) = preSolution
		Debug|x64 = Debug|x64
		Debug|x86 = Debug|x86
		Release|x64 = Release|x64
		Release|x86 = Release|x86
	EndGlobalSection
	GlobalSection(ProjectConfigurationPlatforms) = postSolution
		{ABE7488C-1E75-4F4C-9400-16625842BC66}.Debug|x64.ActiveCfg = Debug|x64
		{ABE7488C-1E75-4F4C-9400-16625842BC66}.Debug|x64.Build.0 = Debug|x64
		{ABE7488C-1E75-4F4C-9400-16625842BC66}.Debug|x86.ActiveCfg = Debug|Win32
		{ABE7488C-1E75-4F4C-9400-16625842BC66}.Debug|x86.Build.0 = Debug|Win32
		{ABE7488C-1E75-4F4C-9400-16625842BC66}.Release|x64.ActiveCfg = Release|x64
		{ABE7488C-1E75-4F4C-9400-16625842BC66}.Release|x64.Build.0 = Release|x64
		{ABE7488C-1E75-4F4C-9400-16625842BC66}.Release|x86.ActiveCfg = Release|Win32
		{ABE7488C-1E75-4F4C-9400-16625842BC66}.Release|x86.Build.0 = Release|Win32
	EndGlobalSection
	GlobalSection(SolutionProperties) = preSolution
		HideSolutionNode = FALSE
	EndGlobalSection
	GlobalSection(ExtensibilityGlobals) = postSolution
		SolutionGuid = {2E2F86F9-49B0-49DA-B81D-D68AB405AC04}
	EndGlobalSection
EndGlobal
